
Microsoft Visual Studio Solution File, Format Version 12.00
# Visual Studio Version 16
VisualStudioVersion = 16.0.30225.117
MinimumVisualStudioVersion = 10.0.40219.1
Project("{FAE04EC0-301F-11D3-BF4B-00C04F79EFBC}") = "Dungeon Generator Core", "Dungeon Generator Core.csproj", "{A599AC3A-4870-4DA0-813D-BEE4AA8C45BA}"
EndProject
Global
	GlobalSection(SolutionConfigurationPlatforms) = preSolution
		Debug|Any CPU = Debug|Any CPU
		Release|Any CPU = Release|Any CPU
	EndGlobalSection
	GlobalSection(ProjectConfigurationPlatforms) = postSolution
		{A599AC3A-4870-4DA0-813D-BEE4AA8C45BA}.Debug|Any CPU.ActiveCfg = Debug|Any CPU
		{A599AC3A-4870-4DA0-813D-BEE4AA8C45BA}.Debug|Any CPU.Build.0 = Debug|Any CPU
		{A599AC3A-4870-4DA0-813D-BEE4AA8C45BA}.Release|Any CPU.ActiveCfg = Release|Any CPU
		{A599AC3A-4870-4DA0-813D-BEE4AA8C45BA}.Release|Any CPU.Build.0 = Release|Any CPU
	EndGlobalSection
	GlobalSection(SolutionProperties) = preSolution
		HideSolutionNode = FALSE
	EndGlobalSection
	GlobalSection(ExtensibilityGlobals) = postSolution
		SolutionGuid = {9BA5C0FB-7471-4138-BD55-25E0EFF2856B}
	EndGlobalSection
EndGlobal
